// !$*UTF8*$!
{
	archiveVersion = 1;
	classes = {
	};
	objectVersion = 50;
	objects = {

/* Begin PBXBuildFile section */
		291A5257245C369D00558FE8 /* AppDelegate.swift in Sources */ = {isa = PBXBuildFile; fileRef = 291A5256245C369D00558FE8 /* AppDelegate.swift */; };
		291A5259245C369D00558FE8 /* SceneDelegate.swift in Sources */ = {isa = PBXBuildFile; fileRef = 291A5258245C369D00558FE8 /* SceneDelegate.swift */; };
		291A525B245C369D00558FE8 /* ViewController.swift in Sources */ = {isa = PBXBuildFile; fileRef = 291A525A245C369D00558FE8 /* ViewController.swift */; };
		291A525E245C369D00558FE8 /* Main.storyboard in Resources */ = {isa = PBXBuildFile; fileRef = 291A525C245C369D00558FE8 /* Main.storyboard */; };
		291A5260245C369E00558FE8 /* Assets.xcassets in Resources */ = {isa = PBXBuildFile; fileRef = 291A525F245C369E00558FE8 /* Assets.xcassets */; };
		291A5263245C369E00558FE8 /* LaunchScreen.storyboard in Resources */ = {isa = PBXBuildFile; fileRef = 291A5261245C369E00558FE8 /* LaunchScreen.storyboard */; };
		291A5277245D598000558FE8 /* test.html in Resources */ = {isa = PBXBuildFile; fileRef = 291A5276245D598000558FE8 /* test.html */; };
		DF479DFD253578CB00478776 /* frame.html in Resources */ = {isa = PBXBuildFile; fileRef = DF479DFC253578CB00478776 /* frame.html */; };
		DFCEB8A624F8C79300C2CE3D /* FlexHybridApp.framework in Frameworks */ = {isa = PBXBuildFile; fileRef = DFCEB8A524F8C79300C2CE3D /* FlexHybridApp.framework */; };
		DFCEB8A724F8C79300C2CE3D /* FlexHybridApp.framework in Embed Frameworks */ = {isa = PBXBuildFile; fileRef = DFCEB8A524F8C79300C2CE3D /* FlexHybridApp.framework */; settings = {ATTRIBUTES = (CodeSignOnCopy, RemoveHeadersOnCopy, ); }; };
		DFE3C37F2766E826000DFF28 /* Models.swift in Sources */ = {isa = PBXBuildFile; fileRef = DFE3C37E2766E825000DFF28 /* Models.swift */; };
/* End PBXBuildFile section */

/* Begin PBXCopyFilesBuildPhase section */
		DFCEB8A824F8C79300C2CE3D /* Embed Frameworks */ = {
			isa = PBXCopyFilesBuildPhase;
			buildActionMask = 2147483647;
			dstPath = "";
			dstSubfolderSpec = 10;
			files = (
				DFCEB8A724F8C79300C2CE3D /* FlexHybridApp.framework in Embed Frameworks */,
			);
			name = "Embed Frameworks";
			runOnlyForDeploymentPostprocessing = 0;
		};
/* End PBXCopyFilesBuildPhase section */

/* Begin PBXFileReference section */
		291A5253245C369D00558FE8 /* flex-demo.app */ = {isa = PBXFileReference; explicitFileType = wrapper.application; includeInIndex = 0; path = "flex-demo.app"; sourceTree = BUILT_PRODUCTS_DIR; };
		291A5256245C369D00558FE8 /* AppDelegate.swift */ = {isa = PBXFileReference; lastKnownFileType = sourcecode.swift; path = AppDelegate.swift; sourceTree = "<group>"; };
		291A5258245C369D00558FE8 /* SceneDelegate.swift */ = {isa = PBXFileReference; lastKnownFileType = sourcecode.swift; path = SceneDelegate.swift; sourceTree = "<group>"; };
		291A525A245C369D00558FE8 /* ViewController.swift */ = {isa = PBXFileReference; lastKnownFileType = sourcecode.swift; path = ViewController.swift; sourceTree = "<group>"; };
		291A525D245C369D00558FE8 /* Base */ = {isa = PBXFileReference; lastKnownFileType = file.storyboard; name = Base; path = Base.lproj/Main.storyboard; sourceTree = "<group>"; };
		291A525F245C369E00558FE8 /* Assets.xcassets */ = {isa = PBXFileReference; lastKnownFileType = folder.assetcatalog; path = Assets.xcassets; sourceTree = "<group>"; };
		291A5262245C369E00558FE8 /* Base */ = {isa = PBXFileReference; lastKnownFileType = file.storyboard; name = Base; path = Base.lproj/LaunchScreen.storyboard; sourceTree = "<group>"; };
		291A5264245C369E00558FE8 /* Info.plist */ = {isa = PBXFileReference; lastKnownFileType = text.plist.xml; path = Info.plist; sourceTree = "<group>"; };
		291A5276245D598000558FE8 /* test.html */ = {isa = PBXFileReference; fileEncoding = 4; lastKnownFileType = text.html; path = test.html; sourceTree = "<group>"; };
		DF479DFC253578CB00478776 /* frame.html */ = {isa = PBXFileReference; lastKnownFileType = text.html; path = frame.html; sourceTree = "<group>"; };
		DFCEB8A524F8C79300C2CE3D /* FlexHybridApp.framework */ = {isa = PBXFileReference; explicitFileType = wrapper.framework; path = FlexHybridApp.framework; sourceTree = BUILT_PRODUCTS_DIR; };
		DFE3C37E2766E825000DFF28 /* Models.swift */ = {isa = PBXFileReference; lastKnownFileType = sourcecode.swift; path = Models.swift; sourceTree = "<group>"; };
		DFFBBCD3248F6E6600762A31 /* FlexHybridApp.framework */ = {isa = PBXFileReference; explicitFileType = wrapper.framework; path = FlexHybridApp.framework; sourceTree = BUILT_PRODUCTS_DIR; };
/* End PBXFileReference section */

/* Begin PBXFrameworksBuildPhase section */
		291A5250245C369D00558FE8 /* Frameworks */ = {
			isa = PBXFrameworksBuildPhase;
			buildActionMask = 2147483647;
			files = (
				DFCEB8A624F8C79300C2CE3D /* FlexHybridApp.framework in Frameworks */,
			);
			runOnlyForDeploymentPostprocessing = 0;
		};
/* End PBXFrameworksBuildPhase section */

/* Begin PBXGroup section */
		291A524A245C369D00558FE8 = {
			isa = PBXGroup;
			children = (
				291A5255245C369D00558FE8 /* flex-demo */,
				291A5254245C369D00558FE8 /* Products */,
				291A526A245C372E00558FE8 /* Frameworks */,
			);
			sourceTree = "<group>";
		};
		291A5254245C369D00558FE8 /* Products */ = {
			isa = PBXGroup;
			children = (
				291A5253245C369D00558FE8 /* flex-demo.app */,
			);
			name = Products;
			sourceTree = "<group>";
		};
		291A5255245C369D00558FE8 /* flex-demo */ = {
			isa = PBXGroup;
			children = (
				291A5276245D598000558FE8 /* test.html */,
				DF479DFC253578CB00478776 /* frame.html */,
				291A5256245C369D00558FE8 /* AppDelegate.swift */,
				291A5258245C369D00558FE8 /* SceneDelegate.swift */,
				291A525A245C369D00558FE8 /* ViewController.swift */,
				291A525C245C369D00558FE8 /* Main.storyboard */,
				291A525F245C369E00558FE8 /* Assets.xcassets */,
				291A5261245C369E00558FE8 /* LaunchScreen.storyboard */,
				291A5264245C369E00558FE8 /* Info.plist */,
				DFE3C37E2766E825000DFF28 /* Models.swift */,
			);
			path = "flex-demo";
			sourceTree = "<group>";
		};
		291A526A245C372E00558FE8 /* Frameworks */ = {
			isa = PBXGroup;
			children = (
				DFCEB8A524F8C79300C2CE3D /* FlexHybridApp.framework */,
				DFFBBCD3248F6E6600762A31 /* FlexHybridApp.framework */,
			);
			name = Frameworks;
			sourceTree = "<group>";
		};
/* End PBXGroup section */

/* Begin PBXNativeTarget section */
		291A5252245C369D00558FE8 /* flex-demo */ = {
			isa = PBXNativeTarget;
			buildConfigurationList = 291A5267245C369E00558FE8 /* Build configuration list for PBXNativeTarget "flex-demo" */;
			buildPhases = (
				291A524F245C369D00558FE8 /* Sources */,
				291A5250245C369D00558FE8 /* Frameworks */,
				291A5251245C369D00558FE8 /* Resources */,
				DFCEB8A824F8C79300C2CE3D /* Embed Frameworks */,
			);
			buildRules = (
			);
			dependencies = (
			);
			name = "flex-demo";
			productName = "flex-demo";
			productReference = 291A5253245C369D00558FE8 /* flex-demo.app */;
			productType = "com.apple.product-type.application";
		};
/* End PBXNativeTarget section */

/* Begin PBXProject section */
		291A524B245C369D00558FE8 /* Project object */ = {
			isa = PBXProject;
			attributes = {
				LastSwiftUpdateCheck = 1140;
				LastUpgradeCheck = 1140;
				TargetAttributes = {
					291A5252245C369D00558FE8 = {
						CreatedOnToolsVersion = 11.4.1;
					};
				};
			};
			buildConfigurationList = 291A524E245C369D00558FE8 /* Build configuration list for PBXProject "flex-demo" */;
			compatibilityVersion = "Xcode 9.3";
			developmentRegion = en;
			hasScannedForEncodings = 0;
			knownRegions = (
				en,
				Base,
			);
			mainGroup = 291A524A245C369D00558FE8;
			productRefGroup = 291A5254245C369D00558FE8 /* Products */;
			projectDirPath = "";
			projectRoot = "";
			targets = (
				291A5252245C369D00558FE8 /* flex-demo */,
			);
		};
/* End PBXProject section */

/* Begin PBXResourcesBuildPhase section */
		291A5251245C369D00558FE8 /* Resources */ = {
			isa = PBXResourcesBuildPhase;
			buildActionMask = 2147483647;
			files = (
				DF479DFD253578CB00478776 /* frame.html in Resources */,
				291A5277245D598000558FE8 /* test.html in Resources */,
				291A5263245C369E00558FE8 /* LaunchScreen.storyboard in Resources */,
				291A5260245C369E00558FE8 /* Assets.xcassets in Resources */,
				291A525E245C369D00558FE8 /* Main.storyboard in Resources */,
			);
			runOnlyForDeploymentPostprocessing = 0;
		};
/* End PBXResourcesBuildPhase section */

/* Begin PBXSourcesBuildPhase section */
		291A524F245C369D00558FE8 /* Sources */ = {
			isa = PBXSourcesBuildPhase;
			buildActionMask = 2147483647;
			files = (
				291A525B245C369D00558FE8 /* ViewController.swift in Sources */,
				291A5257245C369D00558FE8 /* AppDelegate.swift in Sources */,
				291A5259245C369D00558FE8 /* SceneDelegate.swift in Sources */,
				DFE3C37F2766E826000DFF28 /* Models.swift in Sources */,
			);
			runOnlyForDeploymentPostprocessing = 0;
		};
/* End PBXSourcesBuildPhase section */

/* Begin PBXVariantGroup section */
		291A525C245C369D00558FE8 /* Main.storyboard */ = {
			isa = PBXVariantGroup;
			children = (
				291A525D245C369D00558FE8 /* Base */,
			);
			name = Main.storyboard;
			sourceTree = "<group>";
		};
		291A5261245C369E00558FE8 /* LaunchScreen.storyboard */ = {
			isa = PBXVariantGroup;
			children = (
				291A5262245C369E00558FE8 /* Base */,
			);
			name = LaunchScreen.storyboard;
			sourceTree = "<group>";
		};
/* End PBXVariantGroup section */

/* Begin XCBuildConfiguration section */
		291A5265245C369E00558FE8 /* Debug */ = {
			isa = XCBuildConfiguration;
			buildSettings = {
				ALWAYS_SEARCH_USER_PATHS = NO;
				CLANG_ANALYZER_NONNULL = YES;
				CLANG_ANALYZER_NUMBER_OBJECT_CONVERSION = YES_AGGRESSIVE;
				CLANG_CXX_LANGUAGE_STANDARD = "gnu++14";
				CLANG_CXX_LIBRARY = "libc++";
				CLANG_ENABLE_MODULES = YES;
				CLANG_ENABLE_OBJC_ARC = YES;
				CLANG_ENABLE_OBJC_WEAK = YES;
				CLANG_WARN_BLOCK_CAPTURE_AUTORELEASING = YES;
				CLANG_WARN_BOOL_CONVERSION = YES;
				CLANG_WARN_COMMA = YES;
				CLANG_WARN_CONSTANT_CONVERSION = YES;
				CLANG_WARN_DEPRECATED_OBJC_IMPLEMENTATIONS = YES;
				CLANG_WARN_DIRECT_OBJC_ISA_USAGE = YES_ERROR;
				CLANG_WARN_DOCUMENTATION_COMMENTS = YES;
				CLANG_WARN_EMPTY_BODY = YES;
				CLANG_WARN_ENUM_CONVERSION = YES;
				CLANG_WARN_INFINITE_RECURSION = YES;
				CLANG_WARN_INT_CONVERSION = YES;
				CLANG_WARN_NON_LITERAL_NULL_CONVERSION = YES;
				CLANG_WARN_OBJC_IMPLICIT_RETAIN_SELF = YES;
				CLANG_WARN_OBJC_LITERAL_CONVERSION = YES;
				CLANG_WARN_OBJC_ROOT_CLASS = YES_ERROR;
				CLANG_WARN_RANGE_LOOP_ANALYSIS = YES;
				CLANG_WARN_STRICT_PROTOTYPES = YES;
				CLANG_WARN_SUSPICIOUS_MOVE = YES;
				CLANG_WARN_UNGUARDED_AVAILABILITY = YES_AGGRESSIVE;
				CLANG_WARN_UNREACHABLE_CODE = YES;
				CLANG_WARN__DUPLICATE_METHOD_MATCH = YES;
				COPY_PHASE_STRIP = NO;
				DEBUG_INFORMATION_FORMAT = dwarf;
				ENABLE_STRICT_OBJC_MSGSEND = YES;
				ENABLE_TESTABILITY = YES;
				GCC_C_LANGUAGE_STANDARD = gnu11;
				GCC_DYNAMIC_NO_PIC = NO;
				GCC_NO_COMMON_BLOCKS = YES;
				GCC_OPTIMIZATION_LEVEL = 0;
				GCC_PREPROCESSOR_DEFINITIONS = (
					"DEBUG=1",
					"$(inherited)",
				);
				GCC_WARN_64_TO_32_BIT_CONVERSION = YES;
				GCC_WARN_ABOUT_RETURN_TYPE = YES_ERROR;
				GCC_WARN_UNDECLARED_SELECTOR = YES;
				GCC_WARN_UNINITIALIZED_AUTOS = YES_AGGRESSIVE;
				GCC_WARN_UNUSED_FUNCTION = YES;
				GCC_WARN_UNUSED_VARIABLE = YES;
				IPHONEOS_DEPLOYMENT_TARGET = 15.0;
				MTL_ENABLE_DEBUG_INFO = INCLUDE_SOURCE;
				MTL_FAST_MATH = YES;
				ONLY_ACTIVE_ARCH = YES;
				SDKROOT = iphoneos;
				SWIFT_ACTIVE_COMPILATION_CONDITIONS = DEBUG;
				SWIFT_OPTIMIZATION_LEVEL = "-Onone";
			};
			name = Debug;
		};
		291A5266245C369E00558FE8 /* Release */ = {
			isa = XCBuildConfiguration;
			buildSettings = {
				ALWAYS_SEARCH_USER_PATHS = NO;
				CLANG_ANALYZER_NONNULL = YES;
				CLANG_ANALYZER_NUMBER_OBJECT_CONVERSION = YES_AGGRESSIVE;
				CLANG_CXX_LANGUAGE_STANDARD = "gnu++14";
				CLANG_CXX_LIBRARY = "libc++";
				CLANG_ENABLE_MODULES = YES;
				CLANG_ENABLE_OBJC_ARC = YES;
				CLANG_ENABLE_OBJC_WEAK = YES;
				CLANG_WARN_BLOCK_CAPTURE_AUTORELEASING = YES;
				CLANG_WARN_BOOL_CONVERSION = YES;
				CLANG_WARN_COMMA = YES;
				CLANG_WARN_CONSTANT_CONVERSION = YES;
				CLANG_WARN_DEPRECATED_OBJC_IMPLEMENTATIONS = YES;
				CLANG_WARN_DIRECT_OBJC_ISA_USAGE = YES_ERROR;
				CLANG_WARN_DOCUMENTATION_COMMENTS = YES;
				CLANG_WARN_EMPTY_BODY = YES;
				CLANG_WARN_ENUM_CONVERSION = YES;
				CLANG_WARN_INFINITE_RECURSION = YES;
				CLANG_WARN_INT_CONVERSION = YES;
				CLANG_WARN_NON_LITERAL_NULL_CONVERSION = YES;
				CLANG_WARN_OBJC_IMPLICIT_RETAIN_SELF = YES;
				CLANG_WARN_OBJC_LITERAL_CONVERSION = YES;
				CLANG_WARN_OBJC_ROOT_CLASS = YES_ERROR;
				CLANG_WARN_RANGE_LOOP_ANALYSIS = YES;
				CLANG_WARN_STRICT_PROTOTYPES = YES;
				CLANG_WARN_SUSPICIOUS_MOVE = YES;
				CLANG_WARN_UNGUARDED_AVAILABILITY = YES_AGGRESSIVE;
				CLANG_WARN_UNREACHABLE_CODE = YES;
				CLANG_WARN__DUPLICATE_METHOD_MATCH = YES;
				COPY_PHASE_STRIP = NO;
				DEBUG_INFORMATION_FORMAT = "dwarf-with-dsym";
				ENABLE_NS_ASSERTIONS = NO;
				ENABLE_STRICT_OBJC_MSGSEND = YES;
				GCC_C_LANGUAGE_STANDARD = gnu11;
				GCC_NO_COMMON_BLOCKS = YES;
				GCC_WARN_64_TO_32_BIT_CONVERSION = YES;
				GCC_WARN_ABOUT_RETURN_TYPE = YES_ERROR;
				GCC_WARN_UNDECLARED_SELECTOR = YES;
				GCC_WARN_UNINITIALIZED_AUTOS = YES_AGGRESSIVE;
				GCC_WARN_UNUSED_FUNCTION = YES;
				GCC_WARN_UNUSED_VARIABLE = YES;
				IPHONEOS_DEPLOYMENT_TARGET = 15.0;
				MTL_ENABLE_DEBUG_INFO = NO;
				MTL_FAST_MATH = YES;
				SDKROOT = iphoneos;
				SWIFT_COMPILATION_MODE = wholemodule;
				SWIFT_OPTIMIZATION_LEVEL = "-O";
				VALIDATE_PRODUCT = YES;
			};
			name = Release;
		};
		291A5268245C369E00558FE8 /* Debug */ = {
			isa = XCBuildConfiguration;
			buildSettings = {
				ASSETCATALOG_COMPILER_APPICON_NAME = AppIcon;
				CODE_SIGN_STYLE = Automatic;
				DEVELOPMENT_TEAM = 7V78M894K4;
				INFOPLIST_FILE = "flex-demo/Info.plist";
				IPHONEOS_DEPLOYMENT_TARGET = 11.0;
				LD_RUNPATH_SEARCH_PATHS = (
					"$(inherited)",
					"@executable_path/Frameworks",
				);
				PRODUCT_BUNDLE_IDENTIFIER = "app.dvkyun.flex-demo1";
				PRODUCT_NAME = "$(TARGET_NAME)";
				SWIFT_VERSION = 5.0;
				TARGETED_DEVICE_FAMILY = "1,2";
			};
			name = Debug;
		};
		291A5269245C369E00558FE8 /* Release */ = {
			isa = XCBuildConfiguration;
			buildSettings = {
				ASSETCATALOG_COMPILER_APPICON_NAME = AppIcon;
				CODE_SIGN_STYLE = Manual;
				DEVELOPMENT_TEAM = "";
				INFOPLIST_FILE = "flex-demo/Info.plist";
				IPHONEOS_DEPLOYMENT_TARGET = 11.0;
				LD_RUNPATH_SEARCH_PATHS = (
					"$(inherited)",
					"@executable_path/Frameworks",
				);
				PRODUCT_BUNDLE_IDENTIFIER = "app.dvkyun.flex-demo2";
				PRODUCT_NAME = "$(TARGET_NAME)";
				PROVISIONING_PROFILE_SPECIFIER = "";
				SWIFT_VERSION = 5.0;
				TARGETED_DEVICE_FAMILY = "1,2";
			};
			name = Release;
		};
/* End XCBuildConfiguration section */

/* Begin XCConfigurationList section */
		291A524E245C369D00558FE8 /* Build configuration list for PBXProject "flex-demo" */ = {
			isa = XCConfigurationList;
			buildConfigurations = (
				291A5265245C369E00558FE8 /* Debug */,
				291A5266245C369E00558FE8 /* Release */,
			);
			defaultConfigurationIsVisible = 0;
			defaultConfigurationName = Release;
		};
		291A5267245C369E00558FE8 /* Build configuration list for PBXNativeTarget "flex-demo" */ = {
			isa = XCConfigurationList;
			buildConfigurations = (
				291A5268245C369E00558FE8 /* Debug */,
				291A5269245C369E00558FE8 /* Release */,
			);
			defaultConfigurationIsVisible = 0;
			defaultConfigurationName = Release;
		};
/* End XCConfigurationList section */
	};
	rootObject = 291A524B245C369D00558FE8 /* Project object */;
}
